{
    "lockfileVersion": 1,
    "configVersion": 1,
    "workspaces": {
        "": {
            "name": "bun-react-template",
            "dependencies": {
                "bun-plugin-tailwind": "^0.1.2",
                "react": "^19",
                "react-dom": "^19",
                "tailwindcss": "^4.1.11",
            },
            "devDependencies": {
                "@types/bun": "latest",
                "@types/react": "^19",
                "@types/react-dom": "^19",
            },
        },
    },
    "packages": {
        "@oven/bun-darwin-aarch64": [
            "@oven/bun-darwin-aarch64@1.3.7",
            "",
            { "os": "darwin", "cpu": "arm64" },
            "sha512-Mh78f4B+vNTOhFpI7RWHRWDqSKTnFXj/MauRx7I/GmNwEfw56sUx98gWRwXyF4lkW+9VNU+33wuw6E+M22W66w==",
        ],

        "@oven/bun-darwin-x64": [
            "@oven/bun-darwin-x64@1.3.7",
            "",
            { "os": "darwin", "cpu": "x64" },
            "sha512-dFfKdSVz6Ois5zjEJboUC7igcYAVd+c//ajotd0L6WUQAKQrHMVq/+6LjOj/0zjC6VPFNGWzeF8erymNo1y0Jw==",
        ],

        "@oven/bun-darwin-x64-baseline": [
            "@oven/bun-darwin-x64-baseline@1.3.7",
            "",
            { "os": "darwin", "cpu": "x64" },
            "sha512-bUND1aQoTCfIL+idALT7FWtuX59ltOIRo954c7p/JkESbSIJ01jY06BSNVbkGk8RQM19v/7qiqZZqi4NyO4Utw==",
        ],

        "@oven/bun-linux-aarch64": [
            "@oven/bun-linux-aarch64@1.3.7",
            "",
            { "os": "linux", "cpu": "arm64" },
            "sha512-m03OtzEs+/RkWtk6tBf8yw0GW4P8ajfzTXnTt984tQBgkMubGQYUyUnFasWgr3mD2820LhkVjhYeBf1rkz/biQ==",
        ],

        "@oven/bun-linux-aarch64-musl": [
            "@oven/bun-linux-aarch64-musl@1.3.7",
            "",
            { "os": "linux", "cpu": "arm64" },
            "sha512-QDxrROdUnC1d/uoilXtUeFHaLhYdRN7dRIzw/Iqj/vrrhnkA6VS+HYoCWtyyVvci/K+JrPmDwxOWlSRpmV4INA==",
        ],

        "@oven/bun-linux-x64": [
            "@oven/bun-linux-x64@1.3.7",
            "",
            { "os": "linux", "cpu": "x64" },
            "sha512-uttKQ/eIRVGc4uBtLRqmQqXGf57/dmQaF0AEd37RQNRRRd1P/VYnFMiMcVaot3HJ6IFjHjGtcPO9ekT49LxBYQ==",
        ],

        "@oven/bun-linux-x64-baseline": [
            "@oven/bun-linux-x64-baseline@1.3.7",
            "",
            { "os": "linux", "cpu": "x64" },
            "sha512-Jlb/AcrIFU3QDeR3EL4UVT1CIKqnLJDgbU+R0k/+NaSWMrBEpZV+gJJT5L1cmEKTNhU/d+c7hudxkjtqA7XXqA==",
        ],

        "@oven/bun-linux-x64-musl": [
            "@oven/bun-linux-x64-musl@1.3.7",
            "",
            { "os": "linux", "cpu": "x64" },
            "sha512-aK8fvkCosrHRG3CNdVqMom1C8Rj3XkqZp0ZFSBXgaXlKP22RkxlEE9tS7OmSq9yVgEk6euTB3dW4NFo/jlXqeg==",
        ],

        "@oven/bun-linux-x64-musl-baseline": [
            "@oven/bun-linux-x64-musl-baseline@1.3.7",
            "",
            { "os": "linux", "cpu": "x64" },
            "sha512-lySQQ7zJJsoa5hQH+PE5bQyQaTI8G2Erszhu4iQuDtsocwy3zSxjB6TxGWTd4HmetPl9aRvg3nb2KR8RVAd7ug==",
        ],

        "@oven/bun-windows-x64": [
            "@oven/bun-windows-x64@1.3.7",
            "",
            { "os": "win32", "cpu": "x64" },
            "sha512-3QdIGdSn3fkssCq/vPjtPLAQxo+eMUzcwJedn1c5mXDy1AoisjhoxhWnbVl8+uk+wt9N6JUPdISoe0N4OdwXfg==",
        ],

        "@oven/bun-windows-x64-baseline": [
            "@oven/bun-windows-x64-baseline@1.3.7",
            "",
            { "os": "win32", "cpu": "x64" },
            "sha512-wMgELfW5vFceh4qEOYb5iV5TjrjjnBJzE383ixA3kqGKzaubksSxNc11eZhS0ptcJ5a0UjN5hfbMh6sYoh+cRQ==",
        ],

        "@types/bun": [
            "@types/bun@1.3.7",
            "",
            { "dependencies": { "bun-types": "1.3.7" } },
            "sha512-lmNuMda+Z9b7tmhA0tohwy8ZWFSnmQm1UDWXtH5r9F7wZCfkeO3Jx7wKQ1EOiKq43yHts7ky6r8SDJQWRNupkA==",
        ],

        "@types/node": [
            "@types/node@25.1.0",
            "",
            { "dependencies": { "undici-types": "~7.16.0" } },
            "sha512-t7frlewr6+cbx+9Ohpl0NOTKXZNV9xHRmNOvql47BFJKcEG1CxtxlPEEe+gR9uhVWM4DwhnvTF110mIL4yP9RA==",
        ],

        "@types/react": [
            "@types/react@19.2.10",
            "",
            { "dependencies": { "csstype": "^3.2.2" } },
            "sha512-WPigyYuGhgZ/cTPRXB2EwUw+XvsRA3GqHlsP4qteqrnnjDrApbS7MxcGr/hke5iUoeB7E/gQtrs9I37zAJ0Vjw==",
        ],

        "@types/react-dom": [
            "@types/react-dom@19.2.3",
            "",
            { "peerDependencies": { "@types/react": "^19.2.0" } },
            "sha512-jp2L/eY6fn+KgVVQAOqYItbF0VY/YApe5Mz2F0aykSO8gx31bYCZyvSeYxCHKvzHG5eZjc+zyaS5BrBWya2+kQ==",
        ],

        "bun": [
            "bun@1.3.7",
            "",
            {
                "optionalDependencies": {
                    "@oven/bun-darwin-aarch64": "1.3.7",
                    "@oven/bun-darwin-x64": "1.3.7",
                    "@oven/bun-darwin-x64-baseline": "1.3.7",
                    "@oven/bun-linux-aarch64": "1.3.7",
                    "@oven/bun-linux-aarch64-musl": "1.3.7",
                    "@oven/bun-linux-x64": "1.3.7",
                    "@oven/bun-linux-x64-baseline": "1.3.7",
                    "@oven/bun-linux-x64-musl": "1.3.7",
                    "@oven/bun-linux-x64-musl-baseline": "1.3.7",
                    "@oven/bun-windows-x64": "1.3.7",
                    "@oven/bun-windows-x64-baseline": "1.3.7",
                },
                "os": ["linux", "win32", "darwin"],
                "cpu": ["x64", "arm64"],
                "bin": { "bun": "bin/bun.exe", "bunx": "bin/bunx.exe" },
            },
            "sha512-ha86NG8WiAXYR7eQw/9S+7V7Lo8KfD36XutWJNS1VndzaipWS0QIen5n3K9MT3PpP/sdGmmHjhkrU0sCM2lGGQ==",
        ],

        "bun-plugin-tailwind": [
            "bun-plugin-tailwind@0.1.2",
            "",
            { "peerDependencies": { "bun": ">=1.0.0" } },
            "sha512-41jNC1tZRSK3s1o7pTNrLuQG8kL/0vR/JgiTmZAJ1eHwe0w5j6HFPKeqEk0WAD13jfrUC7+ULuewFBBCoADPpg==",
        ],

        "bun-types": [
            "bun-types@1.3.7",
            "",
            { "dependencies": { "@types/node": "*" } },
            "sha512-qyschsA03Qz+gou+apt6HNl6HnI+sJJLL4wLDke4iugsE6584CMupOtTY1n+2YC9nGVrEKUlTs99jjRLKgWnjQ==",
        ],

        "csstype": [
            "csstype@3.2.3",
            "",
            {},
            "sha512-z1HGKcYy2xA8AGQfwrn0PAy+PB7X/GSj3UVJW9qKyn43xWa+gl5nXmU4qqLMRzWVLFC8KusUX8T/0kCiOYpAIQ==",
        ],

        "react": [
            "react@19.2.4",
            "",
            {},
            "sha512-9nfp2hYpCwOjAN+8TZFGhtWEwgvWHXqESH8qT89AT/lWklpLON22Lc8pEtnpsZz7VmawabSU0gCjnj8aC0euHQ==",
        ],

        "react-dom": [
            "react-dom@19.2.4",
            "",
            {
                "dependencies": { "scheduler": "^0.27.0" },
                "peerDependencies": { "react": "^19.2.4" },
            },
            "sha512-AXJdLo8kgMbimY95O2aKQqsz2iWi9jMgKJhRBAxECE4IFxfcazB2LmzloIoibJI3C12IlY20+KFaLv+71bUJeQ==",
        ],

        "scheduler": [
            "scheduler@0.27.0",
            "",
            {},
            "sha512-eNv+WrVbKu1f3vbYJT/xtiF5syA5HPIMtf9IgY/nKg0sWqzAUEvqY/xm7OcZc/qafLx/iO9FgOmeSAp4v5ti/Q==",
        ],

        "tailwindcss": [
            "tailwindcss@4.1.18",
            "",
            {},
            "sha512-4+Z+0yiYyEtUVCScyfHCxOYP06L5Ne+JiHhY2IjR2KWMIWhJOYZKLSGZaP5HkZ8+bY0cxfzwDE5uOmzFXyIwxw==",
        ],

        "undici-types": [
            "undici-types@7.16.0",
            "",
            {},
            "sha512-Zz+aZWSj8LE6zoxD+xrjh4VfkIG8Ya6LvYkZqtUQGJPZjYl53ypCaUwWqo7eI0x66KBGeRo+mlBEkMSeSZ38Nw==",
        ],
    },
}
